
Microsoft Visual Studio Solution File, Format Version 12.00
# Visual Studio Version 17
VisualStudioVersion = 17.5.33424.131
MinimumVisualStudioVersion = 10.0.40219.1
Project("{002A2DE9-8BB6-484D-9802-7E4AD4084715}") = "GeGIcal", "GeGIcal.visualdproj", "{6F2B7171-7868-4A18-9366-7B33A0B28273}"
EndProject
Global
	GlobalSection(SolutionConfigurationPlatforms) = preSolution
		Debug|x64 = Debug|x64
		Release|x64 = Release|x64
	EndGlobalSection
	GlobalSection(ProjectConfigurationPlatforms) = postSolution
		{6F2B7171-7868-4A18-9366-7B33A0B28273}.Debug|x64.ActiveCfg = Debug|x64
		{6F2B7171-7868-4A18-9366-7B33A0B28273}.Debug|x64.Build.0 = Debug|x64
		{6F2B7171-7868-4A18-9366-7B33A0B28273}.Release|x64.ActiveCfg = Release|x64
		{6F2B7171-7868-4A18-9366-7B33A0B28273}.Release|x64.Build.0 = Release|x64
	EndGlobalSection
	GlobalSection(SolutionProperties) = preSolution
		HideSolutionNode = FALSE
	EndGlobalSection
	GlobalSection(ExtensibilityGlobals) = postSolution
		SolutionGuid = {91F7968F-7FFB-43D9-9E61-181C986F5977}
	EndGlobalSection
EndGlobal
